
Microsoft Visual Studio Solution File, Format Version 12.00
# Visual Studio 15
VisualStudioVersion = 15.0.28307.271
MinimumVisualStudioVersion = 10.0.40219.1
Project("{FAE04EC0-301F-11D3-BF4B-00C04F79EFBC}") = "SimplePayroll", "SimplePayroll\SimplePayroll.csproj", "{64046701-0B65-4AFC-8F65-AF37CA98B86D}"
EndProject
Global
	GlobalSection(SolutionConfigurationPlatforms) = preSolution
		Debug|Any CPU = Debug|Any CPU
		Release|Any CPU = Release|Any CPU
	EndGlobalSection
	GlobalSection(ProjectConfigurationPlatforms) = postSolution
		{64046701-0B65-4AFC-8F65-AF37CA98B86D}.Debug|Any CPU.ActiveCfg = Debug|Any CPU
		{64046701-0B65-4AFC-8F65-AF37CA98B86D}.Debug|Any CPU.Build.0 = Debug|Any CPU
		{64046701-0B65-4AFC-8F65-AF37CA98B86D}.Release|Any CPU.ActiveCfg = Release|Any CPU
		{64046701-0B65-4AFC-8F65-AF37CA98B86D}.Release|Any CPU.Build.0 = Release|Any CPU
	EndGlobalSection
	GlobalSection(SolutionProperties) = preSolution
		HideSolutionNode = FALSE
	EndGlobalSection
	GlobalSection(ExtensibilityGlobals) = postSolution
		SolutionGuid = {1DF25DA8-12E6-4001-8ADB-BEB63D2056A2}
	EndGlobalSection
EndGlobal
